
Microsoft Visual Studio Solution File, Format Version 12.00
# Visual Studio 15
VisualStudioVersion = 15.0.28307.539
MinimumVisualStudioVersion = 10.0.40219.1
Project("{9A19103F-16F7-4668-BE54-9A1E7A4F7556}") = "OnPremisesAPI", "OnPremisesAPI\OnPremisesAPI.csproj", "{3722291F-58D2-4F12-8ECC-F821CDA42D42}"
EndProject
Project("{FAE04EC0-301F-11D3-BF4B-00C04F79EFBC}") = "AnalyzeImage", "AnalyzeImage\AnalyzeImage.csproj", "{9E982297-DEC1-4BF2-A367-9668FABFB33E}"
EndProject
Global
	GlobalSection(SolutionConfigurationPlatforms) = preSolution
		Debug|Any CPU = Debug|Any CPU
		Release|Any CPU = Release|Any CPU
	EndGlobalSection
	GlobalSection(ProjectConfigurationPlatforms) = postSolution
		{3722291F-58D2-4F12-8ECC-F821CDA42D42}.Debug|Any CPU.ActiveCfg = Debug|Any CPU
		{3722291F-58D2-4F12-8ECC-F821CDA42D42}.Debug|Any CPU.Build.0 = Debug|Any CPU
		{3722291F-58D2-4F12-8ECC-F821CDA42D42}.Release|Any CPU.ActiveCfg = Release|Any CPU
		{3722291F-58D2-4F12-8ECC-F821CDA42D42}.Release|Any CPU.Build.0 = Release|Any CPU
		{9E982297-DEC1-4BF2-A367-9668FABFB33E}.Debug|Any CPU.ActiveCfg = Debug|Any CPU
		{9E982297-DEC1-4BF2-A367-9668FABFB33E}.Debug|Any CPU.Build.0 = Debug|Any CPU
		{9E982297-DEC1-4BF2-A367-9668FABFB33E}.Release|Any CPU.ActiveCfg = Release|Any CPU
		{9E982297-DEC1-4BF2-A367-9668FABFB33E}.Release|Any CPU.Build.0 = Release|Any CPU
	EndGlobalSection
	GlobalSection(SolutionProperties) = preSolution
		HideSolutionNode = FALSE
	EndGlobalSection
	GlobalSection(ExtensibilityGlobals) = postSolution
		SolutionGuid = {A8C09BF1-2B37-4392-A2DD-3F6FE8AE6E93}
	EndGlobalSection
EndGlobal
